# 随安装包捆绑的 Nagare Source 插件（引擎 + 只含 BT 规则的运行时根目录）。
# 来源：https://github.com/nagare-project/Nagare_Source/releases/tag/v<version>
#
# 钉死步骤（Nagare_Source 发新版后）：
#   1. version=<tag 去掉 v>
#   2. 从该 release 的 SHA256SUMS 里逐条抄五个归档的 sha256 到下面
#   3. 本机跑 scripts/release/fetch-source-plugin.sh darwin arm64 验证一次
#
# version 为空 = 本次构建不捆插件：fetch 脚本只放一个说明文件，安装后用户仍可自行安装插件。
# sha256 缺失或不符一律构建失败，不会降级成「跳过校验」。
version=0.2.0
sha256_MacOS_arm64=68887d18287b924a03942e28e96c7dd2b0357d23db24d57f6d7865a2b92f16ab
sha256_MacOS_x86_64=079fd3b7ab446022ac148b97c86ccb90cd6f7918f2c09b6a22594d65d1fb05d5
sha256_Linux_x86_64=022fbfbd6a475e1efec2a8894dfe419de39550c33b93aaa67756acd0af955ea4
sha256_Linux_arm64=6809aafba8b6566ecc9b794786c8cf0c7f619d92adeb04f0a60b5514990dec6f
sha256_Windows_x86_64=3133ca8a914c7b1762eb4ae7b333848d53234dbba9c627a09a2210885ab7ecbc
